# THIS IS AN AUTOGENERATED FILE. DO NOT EDIT THIS FILE DIRECTLY.
# yarn lockfile v1


"@cranium/queryparams@^1.0.4":
  version "1.0.4"
  resolved "https://registry.yarnpkg.com/@cranium/queryparams/-/queryparams-1.0.4.tgz#5a3617d859d1bcb5493ef8dd2d311ffcabe3071e"
  integrity sha512-zNVAtR6dlF9xVkxU7OUyvRddgYIW7L12gOH25DZ9/X92SEG7m/cVIzYspqUtmATu3dOhX3keNB/uT7XhaKfvaQ==

lodash@^4.17.20:
  version "4.17.20"
  resolved "https://registry.yarnpkg.com/lodash/-/lodash-4.17.20.tgz#b44a9b6297bcb698f1c51a3545a2b3b368d59c52"
  integrity sha512-PlhdFcillOINfeV7Ni6oF1TAEayyZBoZ8bcshTHqOYJYlrqzRK5hagpagky5o4HfCzzd1TRkXPMFq6cKk9rGmA==

path-to-regexp@^6.2.0:
  version "6.2.0"
  resolved "https://registry.yarnpkg.com/path-to-regexp/-/path-to-regexp-6.2.0.tgz#f7b3803336104c346889adece614669230645f38"
  integrity sha512-f66KywYG6+43afgE/8j/GoiNyygk/bnoCbps++3ErRKsIYkGGupyv07R2Ok5m9i67Iqc+T2g1eAUGUPzWhYTyg==
