{
  "name": "@cranium/i18n",
  "version": "3.0.3",
  "lockfileVersion": 1,
  "requires": true,
  "dependencies": {
    "fast-plural-rules": {
      "version": "2.0.2",
      "resolved": "https://registry.npmjs.org/fast-plural-rules/-/fast-plural-rules-2.0.2.tgz",
      "integrity": "sha512-cUh0k6Os/Wdh/uXe0ahp/ZFVQgy+WkTh8fubHs/2M+NWR4xEJrFUhulU4JCrwdlEUNh/2fN5Yv09sCdm/3dtsQ=="
    },
    "lodash": {
      "version": "4.17.21",
      "resolved": "https://registry.npmjs.org/lodash/-/lodash-4.17.21.tgz",
      "integrity": "sha512-v2kDEe57lecTulaDIuNTPy3Ry4gLGJ6Z1O3vE1krgXZNrsQ+LFTGHVxVjcXPs17LhbZVGedAJv8XZ1tvj5FvSg=="
    }
  }
}
